<?xml version="1.0" encoding="utf-8"?>
<Project ToolsVersion="4.0" xmlns="http://schemas.microsoft.com/developer/msbuild/2003">
  <ItemGroup>
    <ClCompile Include="$(C74SUPPORT)\max-includes\common\dllmain_win.c" />
    <ClCompile Include="rvdtw~.cpp" />
    <ClCompile Include="BTrack\src\BTrack.cpp">
      <Filter>Btrack</Filter>
    </ClCompile>
    <ClCompile Include="BTrack\src\OnsetDetectionFunction.cpp">
      <Filter>Btrack</Filter>
    </ClCompile>
    <ClCompile Include="oDTW\oDTW.cpp">
      <Filter>oDTW</Filter>
    </ClCompile>
    <ClCompile Include="Chord-Detector-and-Chromagram\src\ChordDetector.cpp" />
    <ClCompile Include="Chord-Detector-and-Chromagram\src\Chromagram.cpp" />
  </ItemGroup>
  <ItemGroup>
    <ClInclude Include="defines.h" />
    <ClInclude Include="rvdtw~.h" />
    <ClInclude Include="oDTW\oDTW.h">
      <Filter>oDTW</Filter>
    </ClInclude>
  </ItemGroup>
  <ItemGroup>
    <Filter Include="Btrack">
      <UniqueIdentifier>{27c9a155-6317-4128-8da1-82f081cfacf3}</UniqueIdentifier>
    </Filter>
    <Filter Include="oDTW">
      <UniqueIdentifier>{bcf49ced-e4ac-4a4e-92d8-a9f1471aeb20}</UniqueIdentifier>
    </Filter>
  </ItemGroup>
</Project>