<?xml version="1.0" encoding="utf-8"?>
<Project ToolsVersion="4.0" xmlns="http://schemas.microsoft.com/developer/msbuild/2003">
  <ItemGroup>
    <ClCompile Include="$(C74SUPPORT)\max-includes\common\dllmain_win.c" />
    <ClCompile Include="rvdtw~.cpp" />
    <ClCompile Include="BTrack\src\BTrack.cpp">
      <Filter>Btrack</Filter>
    </ClCompile>
    <ClCompile Include="BTrack\src\OnsetDetectionFunction.cpp">
      <Filter>Btrack</Filter>
    </ClCompile>
    <ClCompile Include="oDTW\oDTW.cpp">
      <Filter>oDTW</Filter>
    </ClCompile>
    <ClCompile Include="libsamplerate\src\samplerate.c">
      <Filter>libsamplerate</Filter>
    </ClCompile>
    <ClCompile Include="libsamplerate\src\src_sinc.c">
      <Filter>libsamplerate</Filter>
    </ClCompile>
    <ClCompile Include="libsamplerate\src\src_linear.c">
      <Filter>libsamplerate</Filter>
    </ClCompile>
    <ClCompile Include="libsamplerate\src\src_zoh.c">
      <Filter>libsamplerate</Filter>
    </ClCompile>
    <ClCompile Include="Chord-Detector-and-Chromagram\src\ChordDetector.cpp">
      <Filter>Chroma</Filter>
    </ClCompile>
    <ClCompile Include="Chord-Detector-and-Chromagram\src\Chromagram.cpp">
      <Filter>Chroma</Filter>
    </ClCompile>
    <ClCompile Include="ted\ted.cpp">
      <Filter>ted</Filter>
    </ClCompile>
    <ClCompile Include="tempo\smc16tempo.cpp">
      <Filter>tempo</Filter>
    </ClCompile>
    <ClCompile Include="tempo\tedTempo.cpp">
      <Filter>tempo</Filter>
    </ClCompile>
  </ItemGroup>
  <ItemGroup>
    <ClInclude Include="defines.h" />
    <ClInclude Include="rvdtw~.h" />
    <ClInclude Include="oDTW\oDTW.h">
      <Filter>oDTW</Filter>
    </ClInclude>
    <ClInclude Include="ted\ted.h">
      <Filter>ted</Filter>
    </ClInclude>
    <ClInclude Include="tempo\tempo.h">
      <Filter>tempo</Filter>
    </ClInclude>
  </ItemGroup>
  <ItemGroup>
    <Filter Include="Btrack">
      <UniqueIdentifier>{27c9a155-6317-4128-8da1-82f081cfacf3}</UniqueIdentifier>
    </Filter>
    <Filter Include="oDTW">
      <UniqueIdentifier>{bcf49ced-e4ac-4a4e-92d8-a9f1471aeb20}</UniqueIdentifier>
    </Filter>
    <Filter Include="libsamplerate">
      <UniqueIdentifier>{1932b434-54fb-46e6-8719-f1cbdb55dbb2}</UniqueIdentifier>
    </Filter>
    <Filter Include="Chroma">
      <UniqueIdentifier>{ae376384-8484-43b3-ba92-31acac9fee92}</UniqueIdentifier>
    </Filter>
    <Filter Include="ted">
      <UniqueIdentifier>{1eea9ad0-4f48-4ef7-b1dc-996848c0adf9}</UniqueIdentifier>
    </Filter>
    <Filter Include="tempo">
      <UniqueIdentifier>{4238a0f4-61f4-4041-b89f-6891f3c62b33}</UniqueIdentifier>
    </Filter>
  </ItemGroup>
  <ItemGroup>
    <None Include="ted\README.md">
      <Filter>ted</Filter>
    </None>
  </ItemGroup>
</Project>