<?xml version="1.0" encoding="utf-8"?>
<Project ToolsVersion="4.0" xmlns="http://schemas.microsoft.com/developer/msbuild/2003">
  <ItemGroup>
    <ClCompile Include="$(C74SUPPORT)\max-includes\common\dllmain_win.c" />
    <ClCompile Include="rvdtw~.cpp" />
    <ClCompile Include="chroma\src\ChordDetector.cpp">
      <Filter>Chroma</Filter>
    </ClCompile>
    <ClCompile Include="chroma\src\Chromagram.cpp">
      <Filter>Chroma</Filter>
    </ClCompile>
    <ClCompile Include="Gist\src\core\CoreFrequencyDomainFeatures.cpp">
      <Filter>Gist</Filter>
    </ClCompile>
    <ClCompile Include="Gist\src\core\CoreTimeDomainFeatures.cpp">
      <Filter>Gist</Filter>
    </ClCompile>
    <ClCompile Include="Gist\src\mfcc\MFCC.cpp">
      <Filter>Gist</Filter>
    </ClCompile>
    <ClCompile Include="Gist\src\onset-detection-functions\OnsetDetectionFunction.cpp">
      <Filter>Gist</Filter>
    </ClCompile>
    <ClCompile Include="Gist\src\pitch\Yin.cpp">
      <Filter>Gist</Filter>
    </ClCompile>
    <ClCompile Include="BTrack\src\BTrack.cpp">
      <Filter>Btrack</Filter>
    </ClCompile>
    <ClCompile Include="BTrack\src\OnsetDetectionFunction.cpp">
      <Filter>Btrack</Filter>
    </ClCompile>
    <ClCompile Include="oDTW\oDTW.cpp">
      <Filter>oDTW</Filter>
    </ClCompile>
  </ItemGroup>
  <ItemGroup>
    <ClInclude Include="defines.h" />
    <ClInclude Include="rvdtw~.h" />
    <ClInclude Include="oDTW\oDTW.h">
      <Filter>oDTW</Filter>
    </ClInclude>
  </ItemGroup>
  <ItemGroup>
    <Filter Include="Chroma">
      <UniqueIdentifier>{f61d625b-cc35-4bc5-ab20-6f11ab8f3579}</UniqueIdentifier>
    </Filter>
    <Filter Include="Gist">
      <UniqueIdentifier>{1ba3d091-69e5-4ac5-a5dc-efc588a81cf6}</UniqueIdentifier>
    </Filter>
    <Filter Include="Btrack">
      <UniqueIdentifier>{27c9a155-6317-4128-8da1-82f081cfacf3}</UniqueIdentifier>
    </Filter>
    <Filter Include="oDTW">
      <UniqueIdentifier>{bcf49ced-e4ac-4a4e-92d8-a9f1471aeb20}</UniqueIdentifier>
    </Filter>
  </ItemGroup>
</Project>